// !$*UTF8*$!
{
	archiveVersion = 1;
	classes = {
	};
	objectVersion = 56;
	objects = {

/* Begin PBXBuildFile section */
		4B70593D2A2FB29C00437A26 /* Model.xcdatamodeld in Sources */ = {isa = PBXBuildFile; fileRef = 4B70593B2A2FB29C00437A26 /* Model.xcdatamodeld */; };
		4B70594F2A30E65100437A26 /* DataController.swift in Sources */ = {isa = PBXBuildFile; fileRef = 4B70594E2A30E65100437A26 /* DataController.swift */; };
		4B70599C2A318E0300437A26 /* User+CoreDataClass.swift in Sources */ = {isa = PBXBuildFile; fileRef = 4B70599A2A318E0300437A26 /* User+CoreDataClass.swift */; };
		4B70599D2A318E0300437A26 /* User+CoreDataProperties.swift in Sources */ = {isa = PBXBuildFile; fileRef = 4B70599B2A318E0300437A26 /* User+CoreDataProperties.swift */; };
		4B70599F2A319DEA00437A26 /* SwiftUIView.swift in Sources */ = {isa = PBXBuildFile; fileRef = 4B70599E2A319DEA00437A26 /* SwiftUIView.swift */; };
		4B7059A42A31FAC500437A26 /* Product+CoreDataClass.swift in Sources */ = {isa = PBXBuildFile; fileRef = 4B7059A22A31FAC400437A26 /* Product+CoreDataClass.swift */; };
		4B7059A52A31FAC500437A26 /* Product+CoreDataProperties.swift in Sources */ = {isa = PBXBuildFile; fileRef = 4B7059A32A31FAC400437A26 /* Product+CoreDataProperties.swift */; };
		4B7059A82A31FB8B00437A26 /* AddProduct.swift in Sources */ = {isa = PBXBuildFile; fileRef = 4B7059A72A31FB8B00437A26 /* AddProduct.swift */; };
		4B7059AA2A32032600437A26 /* TextFieldDescription.swift in Sources */ = {isa = PBXBuildFile; fileRef = 4B7059A92A32032600437A26 /* TextFieldDescription.swift */; };
		4B7059AD2A3207E200437A26 /* FormDescription.swift in Sources */ = {isa = PBXBuildFile; fileRef = 4B7059AC2A3207E200437A26 /* FormDescription.swift */; };
		4B7059AF2A32262F00437A26 /* EditProduct.swift in Sources */ = {isa = PBXBuildFile; fileRef = 4B7059AE2A32262F00437A26 /* EditProduct.swift */; };
		4B734A4E29658A76003C3851 /* LoginView.swift in Sources */ = {isa = PBXBuildFile; fileRef = 4B734A4D29658A76003C3851 /* LoginView.swift */; };
		4B734A50296590E1003C3851 /* SecureFieldCustom.swift in Sources */ = {isa = PBXBuildFile; fileRef = 4B734A4F296590E1003C3851 /* SecureFieldCustom.swift */; };
		4B77C035295C523000DE5FE7 /* TextFieldCustom.swift in Sources */ = {isa = PBXBuildFile; fileRef = 4B77C034295C523000DE5FE7 /* TextFieldCustom.swift */; };
		4B77C03B295C72CB00DE5FE7 /* View+Extensions.swift in Sources */ = {isa = PBXBuildFile; fileRef = 4B77C03A295C72CB00DE5FE7 /* View+Extensions.swift */; };
		4B77C03D295C80FF00DE5FE7 /* StyleTextField.swift in Sources */ = {isa = PBXBuildFile; fileRef = 4B77C03C295C80FF00DE5FE7 /* StyleTextField.swift */; };
		4B77C042295C83FC00DE5FE7 /* Color+CustomColor.swift in Sources */ = {isa = PBXBuildFile; fileRef = 4B77C041295C83FC00DE5FE7 /* Color+CustomColor.swift */; };
		4B77C044295C841600DE5FE7 /* Font+CustomFont.swift in Sources */ = {isa = PBXBuildFile; fileRef = 4B77C043295C841600DE5FE7 /* Font+CustomFont.swift */; };
		4B77C047295DA11100DE5FE7 /* RegisterView.swift in Sources */ = {isa = PBXBuildFile; fileRef = 4B77C046295DA11100DE5FE7 /* RegisterView.swift */; };
		4B77C049295DA1F900DE5FE7 /* FormCustom.swift in Sources */ = {isa = PBXBuildFile; fileRef = 4B77C048295DA1F900DE5FE7 /* FormCustom.swift */; };
		4B77C04B295DA59F00DE5FE7 /* OpenSans-SemiBold.ttf in Resources */ = {isa = PBXBuildFile; fileRef = 4B77C04A295DA59F00DE5FE7 /* OpenSans-SemiBold.ttf */; };
		4BCB5283296D50FA00DFC850 /* ListProductView.swift in Sources */ = {isa = PBXBuildFile; fileRef = 4BCB5282296D50FA00DFC850 /* ListProductView.swift */; };
		4BCB5285296D657600DFC850 /* ProductDTO.swift in Sources */ = {isa = PBXBuildFile; fileRef = 4BCB5284296D657600DFC850 /* ProductDTO.swift */; };
		4BCB5287296D659E00DFC850 /* ProductBO.swift in Sources */ = {isa = PBXBuildFile; fileRef = 4BCB5286296D659E00DFC850 /* ProductBO.swift */; };
		4BCB5289296D693700DFC850 /* ProductRepository.swift in Sources */ = {isa = PBXBuildFile; fileRef = 4BCB5288296D693700DFC850 /* ProductRepository.swift */; };
		4BCB528B296D782E00DFC850 /* ListProductViewModel.swift in Sources */ = {isa = PBXBuildFile; fileRef = 4BCB528A296D782E00DFC850 /* ListProductViewModel.swift */; };
		4BCB528D296D783F00DFC850 /* StateListProduct.swift in Sources */ = {isa = PBXBuildFile; fileRef = 4BCB528C296D783F00DFC850 /* StateListProduct.swift */; };
		4BCB528F296D8D7F00DFC850 /* AppImage.swift in Sources */ = {isa = PBXBuildFile; fileRef = 4BCB528E296D8D7F00DFC850 /* AppImage.swift */; };
		4BCB529329714A7700DFC850 /* NavigationBarCustom.swift in Sources */ = {isa = PBXBuildFile; fileRef = 4BCB529229714A7700DFC850 /* NavigationBarCustom.swift */; };
		4BCB52952971533E00DFC850 /* DetailProductView.swift in Sources */ = {isa = PBXBuildFile; fileRef = 4BCB52942971533E00DFC850 /* DetailProductView.swift */; };
		4BCB529A2971866B00DFC850 /* RatingProduct.swift in Sources */ = {isa = PBXBuildFile; fileRef = 4BCB52992971866B00DFC850 /* RatingProduct.swift */; };
		4BCB529C2975642200DFC850 /* ShoppingCart.swift in Sources */ = {isa = PBXBuildFile; fileRef = 4BCB529B2975642200DFC850 /* ShoppingCart.swift */; };
		4BCB52A02977E92D00DFC850 /* CustomTabView.swift in Sources */ = {isa = PBXBuildFile; fileRef = 4BCB529F2977E92D00DFC850 /* CustomTabView.swift */; };
		4BCB52A32977EDF600DFC850 /* ShoppingCartView.swift in Sources */ = {isa = PBXBuildFile; fileRef = 4BCB52A22977EDF600DFC850 /* ShoppingCartView.swift */; };
		4BCB52A72978155600DFC850 /* AppEnvironment.swift in Sources */ = {isa = PBXBuildFile; fileRef = 4BCB52A62978155600DFC850 /* AppEnvironment.swift */; };
		4BCB52AB297E304600DFC850 /* ShoppingCartCellView.swift in Sources */ = {isa = PBXBuildFile; fileRef = 4BCB52AA297E304600DFC850 /* ShoppingCartCellView.swift */; };
		4BCB52AD297E32A900DFC850 /* ListProductViewCell.swift in Sources */ = {isa = PBXBuildFile; fileRef = 4BCB52AC297E32A900DFC850 /* ListProductViewCell.swift */; };
		4BCB52AF297E332800DFC850 /* ListProductGridView.swift in Sources */ = {isa = PBXBuildFile; fileRef = 4BCB52AE297E332800DFC850 /* ListProductGridView.swift */; };
		4BCD46DB29559D1000ABE9C0 /* PracticaSwiftUIApp.swift in Sources */ = {isa = PBXBuildFile; fileRef = 4BCD46DA29559D1000ABE9C0 /* PracticaSwiftUIApp.swift */; };
		4BCD46DD29559D1000ABE9C0 /* ForgotpasswodView.swift in Sources */ = {isa = PBXBuildFile; fileRef = 4BCD46DC29559D1000ABE9C0 /* ForgotpasswodView.swift */; };
		4BCD46DF29559D1100ABE9C0 /* Assets.xcassets in Resources */ = {isa = PBXBuildFile; fileRef = 4BCD46DE29559D1100ABE9C0 /* Assets.xcassets */; };
		4BCD46E229559D1100ABE9C0 /* Preview Assets.xcassets in Resources */ = {isa = PBXBuildFile; fileRef = 4BCD46E129559D1100ABE9C0 /* Preview Assets.xcassets */; };
		4BCD46EE2955ABB400ABE9C0 /* OpenSans-Bold.ttf in Resources */ = {isa = PBXBuildFile; fileRef = 4BCD46EC2955ABB400ABE9C0 /* OpenSans-Bold.ttf */; };
		4BCD46EF2955ABB400ABE9C0 /* OpenSans-Regular.ttf in Resources */ = {isa = PBXBuildFile; fileRef = 4BCD46ED2955ABB400ABE9C0 /* OpenSans-Regular.ttf */; };
		4BCD46F8295B0D3400ABE9C0 /* StyleCustomButton.swift in Sources */ = {isa = PBXBuildFile; fileRef = 4BCD46F7295B0D3400ABE9C0 /* StyleCustomButton.swift */; };
		4BCD46FA295B114E00ABE9C0 /* SourceSansPro-SemiBold.ttf in Resources */ = {isa = PBXBuildFile; fileRef = 4BCD46F9295B114E00ABE9C0 /* SourceSansPro-SemiBold.ttf */; };
		4BCD46FE295B1A6700ABE9C0 /* String+Extensions.swift in Sources */ = {isa = PBXBuildFile; fileRef = 4BCD46FD295B1A6700ABE9C0 /* String+Extensions.swift */; };
/* End PBXBuildFile section */

/* Begin PBXFileReference section */
		4B70593C2A2FB29C00437A26 /* Model.xcdatamodel */ = {isa = PBXFileReference; lastKnownFileType = wrapper.xcdatamodel; path = Model.xcdatamodel; sourceTree = "<group>"; };
		4B70594E2A30E65100437A26 /* DataController.swift */ = {isa = PBXFileReference; lastKnownFileType = sourcecode.swift; path = DataController.swift; sourceTree = "<group>"; };
		4B70599A2A318E0300437A26 /* User+CoreDataClass.swift */ = {isa = PBXFileReference; lastKnownFileType = sourcecode.swift; path = "User+CoreDataClass.swift"; sourceTree = SOURCE_ROOT; };
		4B70599B2A318E0300437A26 /* User+CoreDataProperties.swift */ = {isa = PBXFileReference; lastKnownFileType = sourcecode.swift; path = "User+CoreDataProperties.swift"; sourceTree = SOURCE_ROOT; };
		4B70599E2A319DEA00437A26 /* SwiftUIView.swift */ = {isa = PBXFileReference; lastKnownFileType = sourcecode.swift; path = SwiftUIView.swift; sourceTree = "<group>"; };
		4B7059A22A31FAC400437A26 /* Product+CoreDataClass.swift */ = {isa = PBXFileReference; lastKnownFileType = sourcecode.swift; path = "Product+CoreDataClass.swift"; sourceTree = SOURCE_ROOT; };
		4B7059A32A31FAC400437A26 /* Product+CoreDataProperties.swift */ = {isa = PBXFileReference; lastKnownFileType = sourcecode.swift; path = "Product+CoreDataProperties.swift"; sourceTree = SOURCE_ROOT; };
		4B7059A72A31FB8B00437A26 /* AddProduct.swift */ = {isa = PBXFileReference; lastKnownFileType = sourcecode.swift; path = AddProduct.swift; sourceTree = "<group>"; };
		4B7059A92A32032600437A26 /* TextFieldDescription.swift */ = {isa = PBXFileReference; lastKnownFileType = sourcecode.swift; path = TextFieldDescription.swift; sourceTree = "<group>"; };
		4B7059AC2A3207E200437A26 /* FormDescription.swift */ = {isa = PBXFileReference; lastKnownFileType = sourcecode.swift; path = FormDescription.swift; sourceTree = "<group>"; };
		4B7059AE2A32262F00437A26 /* EditProduct.swift */ = {isa = PBXFileReference; lastKnownFileType = sourcecode.swift; path = EditProduct.swift; sourceTree = "<group>"; };
		4B734A4D29658A76003C3851 /* LoginView.swift */ = {isa = PBXFileReference; lastKnownFileType = sourcecode.swift; path = LoginView.swift; sourceTree = "<group>"; };
		4B734A4F296590E1003C3851 /* SecureFieldCustom.swift */ = {isa = PBXFileReference; lastKnownFileType = sourcecode.swift; path = SecureFieldCustom.swift; sourceTree = "<group>"; };
		4B77C034295C523000DE5FE7 /* TextFieldCustom.swift */ = {isa = PBXFileReference; lastKnownFileType = sourcecode.swift; path = TextFieldCustom.swift; sourceTree = "<group>"; };
		4B77C03A295C72CB00DE5FE7 /* View+Extensions.swift */ = {isa = PBXFileReference; lastKnownFileType = sourcecode.swift; path = "View+Extensions.swift"; sourceTree = "<group>"; };
		4B77C03C295C80FF00DE5FE7 /* StyleTextField.swift */ = {isa = PBXFileReference; lastKnownFileType = sourcecode.swift; path = StyleTextField.swift; sourceTree = "<group>"; };
		4B77C041295C83FC00DE5FE7 /* Color+CustomColor.swift */ = {isa = PBXFileReference; lastKnownFileType = sourcecode.swift; path = "Color+CustomColor.swift"; sourceTree = "<group>"; };
		4B77C043295C841600DE5FE7 /* Font+CustomFont.swift */ = {isa = PBXFileReference; lastKnownFileType = sourcecode.swift; path = "Font+CustomFont.swift"; sourceTree = "<group>"; };
		4B77C046295DA11100DE5FE7 /* RegisterView.swift */ = {isa = PBXFileReference; lastKnownFileType = sourcecode.swift; path = RegisterView.swift; sourceTree = "<group>"; };
		4B77C048295DA1F900DE5FE7 /* FormCustom.swift */ = {isa = PBXFileReference; lastKnownFileType = sourcecode.swift; path = FormCustom.swift; sourceTree = "<group>"; };
		4B77C04A295DA59F00DE5FE7 /* OpenSans-SemiBold.ttf */ = {isa = PBXFileReference; lastKnownFileType = file; path = "OpenSans-SemiBold.ttf"; sourceTree = "<group>"; };
		4BCB5282296D50FA00DFC850 /* ListProductView.swift */ = {isa = PBXFileReference; lastKnownFileType = sourcecode.swift; path = ListProductView.swift; sourceTree = "<group>"; };
		4BCB5284296D657600DFC850 /* ProductDTO.swift */ = {isa = PBXFileReference; lastKnownFileType = sourcecode.swift; path = ProductDTO.swift; sourceTree = "<group>"; };
		4BCB5286296D659E00DFC850 /* ProductBO.swift */ = {isa = PBXFileReference; lastKnownFileType = sourcecode.swift; path = ProductBO.swift; sourceTree = "<group>"; };
		4BCB5288296D693700DFC850 /* ProductRepository.swift */ = {isa = PBXFileReference; lastKnownFileType = sourcecode.swift; path = ProductRepository.swift; sourceTree = "<group>"; };
		4BCB528A296D782E00DFC850 /* ListProductViewModel.swift */ = {isa = PBXFileReference; lastKnownFileType = sourcecode.swift; path = ListProductViewModel.swift; sourceTree = "<group>"; };
		4BCB528C296D783F00DFC850 /* StateListProduct.swift */ = {isa = PBXFileReference; lastKnownFileType = sourcecode.swift; path = StateListProduct.swift; sourceTree = "<group>"; };
		4BCB528E296D8D7F00DFC850 /* AppImage.swift */ = {isa = PBXFileReference; lastKnownFileType = sourcecode.swift; path = AppImage.swift; sourceTree = "<group>"; };
		4BCB529229714A7700DFC850 /* NavigationBarCustom.swift */ = {isa = PBXFileReference; lastKnownFileType = sourcecode.swift; path = NavigationBarCustom.swift; sourceTree = "<group>"; };
		4BCB52942971533E00DFC850 /* DetailProductView.swift */ = {isa = PBXFileReference; lastKnownFileType = sourcecode.swift; path = DetailProductView.swift; sourceTree = "<group>"; };
		4BCB52992971866B00DFC850 /* RatingProduct.swift */ = {isa = PBXFileReference; lastKnownFileType = sourcecode.swift; path = RatingProduct.swift; sourceTree = "<group>"; };
		4BCB529B2975642200DFC850 /* ShoppingCart.swift */ = {isa = PBXFileReference; lastKnownFileType = sourcecode.swift; path = ShoppingCart.swift; sourceTree = "<group>"; };
		4BCB529F2977E92D00DFC850 /* CustomTabView.swift */ = {isa = PBXFileReference; lastKnownFileType = sourcecode.swift; path = CustomTabView.swift; sourceTree = "<group>"; };
		4BCB52A22977EDF600DFC850 /* ShoppingCartView.swift */ = {isa = PBXFileReference; lastKnownFileType = sourcecode.swift; path = ShoppingCartView.swift; sourceTree = "<group>"; };
		4BCB52A62978155600DFC850 /* AppEnvironment.swift */ = {isa = PBXFileReference; lastKnownFileType = sourcecode.swift; path = AppEnvironment.swift; sourceTree = "<group>"; };
		4BCB52AA297E304600DFC850 /* ShoppingCartCellView.swift */ = {isa = PBXFileReference; lastKnownFileType = sourcecode.swift; path = ShoppingCartCellView.swift; sourceTree = "<group>"; };
		4BCB52AC297E32A900DFC850 /* ListProductViewCell.swift */ = {isa = PBXFileReference; lastKnownFileType = sourcecode.swift; path = ListProductViewCell.swift; sourceTree = "<group>"; };
		4BCB52AE297E332800DFC850 /* ListProductGridView.swift */ = {isa = PBXFileReference; lastKnownFileType = sourcecode.swift; path = ListProductGridView.swift; sourceTree = "<group>"; };
		4BCD46D729559D1000ABE9C0 /* PracticaSwiftUI.app */ = {isa = PBXFileReference; explicitFileType = wrapper.application; includeInIndex = 0; path = PracticaSwiftUI.app; sourceTree = BUILT_PRODUCTS_DIR; };
		4BCD46DA29559D1000ABE9C0 /* PracticaSwiftUIApp.swift */ = {isa = PBXFileReference; lastKnownFileType = sourcecode.swift; name = PracticaSwiftUIApp.swift; path = PracticaSwiftUI/PracticaSwiftUIApp.swift; sourceTree = SOURCE_ROOT; };
		4BCD46DC29559D1000ABE9C0 /* ForgotpasswodView.swift */ = {isa = PBXFileReference; lastKnownFileType = sourcecode.swift; name = ForgotpasswodView.swift; path = PracticaSwiftUI/ui/forgotpassword/ForgotpasswodView.swift; sourceTree = SOURCE_ROOT; };
		4BCD46DE29559D1100ABE9C0 /* Assets.xcassets */ = {isa = PBXFileReference; lastKnownFileType = folder.assetcatalog; path = Assets.xcassets; sourceTree = "<group>"; };
		4BCD46E129559D1100ABE9C0 /* Preview Assets.xcassets */ = {isa = PBXFileReference; lastKnownFileType = folder.assetcatalog; path = "Preview Assets.xcassets"; sourceTree = "<group>"; };
		4BCD46EC2955ABB400ABE9C0 /* OpenSans-Bold.ttf */ = {isa = PBXFileReference; lastKnownFileType = file; path = "OpenSans-Bold.ttf"; sourceTree = "<group>"; };
		4BCD46ED2955ABB400ABE9C0 /* OpenSans-Regular.ttf */ = {isa = PBXFileReference; lastKnownFileType = file; path = "OpenSans-Regular.ttf"; sourceTree = "<group>"; };
		4BCD46F02955AD8E00ABE9C0 /* Info.plist */ = {isa = PBXFileReference; lastKnownFileType = text.plist; path = Info.plist; sourceTree = "<group>"; };
		4BCD46F7295B0D3400ABE9C0 /* StyleCustomButton.swift */ = {isa = PBXFileReference; lastKnownFileType = sourcecode.swift; path = StyleCustomButton.swift; sourceTree = "<group>"; };
		4BCD46F9295B114E00ABE9C0 /* SourceSansPro-SemiBold.ttf */ = {isa = PBXFileReference; lastKnownFileType = file; path = "SourceSansPro-SemiBold.ttf"; sourceTree = "<group>"; };
		4BCD46FD295B1A6700ABE9C0 /* String+Extensions.swift */ = {isa = PBXFileReference; fileEncoding = 4; lastKnownFileType = sourcecode.swift; name = "String+Extensions.swift"; path = "PracticaSwiftUI/common/String+Extensions.swift"; sourceTree = SOURCE_ROOT; };
/* End PBXFileReference section */

/* Begin PBXFrameworksBuildPhase section */
		4BCD46D429559D1000ABE9C0 /* Frameworks */ = {
			isa = PBXFrameworksBuildPhase;
			buildActionMask = 2147483647;
			files = (
			);
			runOnlyForDeploymentPostprocessing = 0;
		};
/* End PBXFrameworksBuildPhase section */

/* Begin PBXGroup section */
		4B70593A2A2FB26A00437A26 /* dataBase */ = {
			isa = PBXGroup;
			children = (
				4B70593B2A2FB29C00437A26 /* Model.xcdatamodeld */,
			);
			path = dataBase;
			sourceTree = "<group>";
		};
		4B7059502A30EF0D00437A26 /* Model */ = {
			isa = PBXGroup;
			children = (
				4B7059A22A31FAC400437A26 /* Product+CoreDataClass.swift */,
				4B7059A32A31FAC400437A26 /* Product+CoreDataProperties.swift */,
				4B70599A2A318E0300437A26 /* User+CoreDataClass.swift */,
				4B70599B2A318E0300437A26 /* User+CoreDataProperties.swift */,
			);
			path = Model;
			sourceTree = "<group>";
		};
		4B7059A62A31FB3600437A26 /* productView */ = {
			isa = PBXGroup;
			children = (
				4B7059A72A31FB8B00437A26 /* AddProduct.swift */,
				4B7059AE2A32262F00437A26 /* EditProduct.swift */,
			);
			path = productView;
			sourceTree = "<group>";
		};
		4B734A4C29658A63003C3851 /* login */ = {
			isa = PBXGroup;
			children = (
				4B734A4D29658A76003C3851 /* LoginView.swift */,
			);
			path = login;
			sourceTree = "<group>";
		};
		4B77C033295C51FF00DE5FE7 /* component */ = {
			isa = PBXGroup;
			children = (
				4B77C034295C523000DE5FE7 /* TextFieldCustom.swift */,
				4B77C048295DA1F900DE5FE7 /* FormCustom.swift */,
				4BCB528E296D8D7F00DFC850 /* AppImage.swift */,
				4B734A4F296590E1003C3851 /* SecureFieldCustom.swift */,
				4BCB529229714A7700DFC850 /* NavigationBarCustom.swift */,
				4BCB52992971866B00DFC850 /* RatingProduct.swift */,
				4B7059A92A32032600437A26 /* TextFieldDescription.swift */,
				4B7059AC2A3207E200437A26 /* FormDescription.swift */,
			);
			path = component;
			sourceTree = "<group>";
		};
		4B77C040295C83D700DE5FE7 /* constant */ = {
			isa = PBXGroup;
			children = (
				4BCB528C296D783F00DFC850 /* StateListProduct.swift */,
				4B77C041295C83FC00DE5FE7 /* Color+CustomColor.swift */,
				4B77C043295C841600DE5FE7 /* Font+CustomFont.swift */,
				4BCB529B2975642200DFC850 /* ShoppingCart.swift */,
				4BCB52A62978155600DFC850 /* AppEnvironment.swift */,
				4B70594E2A30E65100437A26 /* DataController.swift */,
			);
			path = constant;
			sourceTree = "<group>";
		};
		4B77C045295DA0F200DE5FE7 /* register */ = {
			isa = PBXGroup;
			children = (
				4B77C046295DA11100DE5FE7 /* RegisterView.swift */,
			);
			path = register;
			sourceTree = "<group>";
		};
		4BCB5281296D50D100DFC850 /* list */ = {
			isa = PBXGroup;
			children = (
				4BCB5282296D50FA00DFC850 /* ListProductView.swift */,
				4BCB528A296D782E00DFC850 /* ListProductViewModel.swift */,
				4BCB52AC297E32A900DFC850 /* ListProductViewCell.swift */,
				4BCB52AE297E332800DFC850 /* ListProductGridView.swift */,
			);
			path = list;
			sourceTree = "<group>";
		};
		4BCB5296297158E900DFC850 /* detail */ = {
			isa = PBXGroup;
			children = (
				4BCB52942971533E00DFC850 /* DetailProductView.swift */,
			);
			path = detail;
			sourceTree = "<group>";
		};
		4BCB529D2977E68C00DFC850 /* tab */ = {
			isa = PBXGroup;
			children = (
				4BCB529F2977E92D00DFC850 /* CustomTabView.swift */,
			);
			path = tab;
			sourceTree = "<group>";
		};
		4BCB529E2977E69700DFC850 /* product */ = {
			isa = PBXGroup;
			children = (
				4BCB5286296D659E00DFC850 /* ProductBO.swift */,
				4BCB5288296D693700DFC850 /* ProductRepository.swift */,
				4BCB5284296D657600DFC850 /* ProductDTO.swift */,
			);
			path = product;
			sourceTree = "<group>";
		};
		4BCB52A12977EDE200DFC850 /* shoppingCart */ = {
			isa = PBXGroup;
			children = (
				4BCB52A22977EDF600DFC850 /* ShoppingCartView.swift */,
				4BCB52AA297E304600DFC850 /* ShoppingCartCellView.swift */,
			);
			path = shoppingCart;
			sourceTree = "<group>";
		};
		4BCD46CE29559D1000ABE9C0 = {
			isa = PBXGroup;
			children = (
				4BCD46D929559D1000ABE9C0 /* PracticaSwiftUI */,
				4BCD46D829559D1000ABE9C0 /* Products */,
			);
			sourceTree = "<group>";
		};
		4BCD46D829559D1000ABE9C0 /* Products */ = {
			isa = PBXGroup;
			children = (
				4BCD46D729559D1000ABE9C0 /* PracticaSwiftUI.app */,
			);
			name = Products;
			sourceTree = "<group>";
		};
		4BCD46D929559D1000ABE9C0 /* PracticaSwiftUI */ = {
			isa = PBXGroup;
			children = (
				4B7059502A30EF0D00437A26 /* Model */,
				4BCD46F02955AD8E00ABE9C0 /* Info.plist */,
				4BCD46EA2955AB0300ABE9C0 /* common */,
				4BCD46E82955A28F00ABE9C0 /* ui */,
				4BCD46DA29559D1000ABE9C0 /* PracticaSwiftUIApp.swift */,
				4BCD46DE29559D1100ABE9C0 /* Assets.xcassets */,
				4BCD46E029559D1100ABE9C0 /* Preview Content */,
				4B70599E2A319DEA00437A26 /* SwiftUIView.swift */,
			);
			path = PracticaSwiftUI;
			sourceTree = "<group>";
		};
		4BCD46E029559D1100ABE9C0 /* Preview Content */ = {
			isa = PBXGroup;
			children = (
				4BCD46E129559D1100ABE9C0 /* Preview Assets.xcassets */,
			);
			path = "Preview Content";
			sourceTree = "<group>";
		};
		4BCD46E82955A28F00ABE9C0 /* ui */ = {
			isa = PBXGroup;
			children = (
				4B7059A62A31FB3600437A26 /* productView */,
				4BCB52A12977EDE200DFC850 /* shoppingCart */,
				4BCB529D2977E68C00DFC850 /* tab */,
				4BCB5296297158E900DFC850 /* detail */,
				4BCB5281296D50D100DFC850 /* list */,
				4B734A4C29658A63003C3851 /* login */,
				4B77C045295DA0F200DE5FE7 /* register */,
				4BCD46E92955A9C600ABE9C0 /* forgotpassword */,
			);
			path = ui;
			sourceTree = "<group>";
		};
		4BCD46E92955A9C600ABE9C0 /* forgotpassword */ = {
			isa = PBXGroup;
			children = (
				4BCD46DC29559D1000ABE9C0 /* ForgotpasswodView.swift */,
			);
			path = forgotpassword;
			sourceTree = "<group>";
		};
		4BCD46EA2955AB0300ABE9C0 /* common */ = {
			isa = PBXGroup;
			children = (
				4B70593A2A2FB26A00437A26 /* dataBase */,
				4BCB529E2977E69700DFC850 /* product */,
				4B77C040295C83D700DE5FE7 /* constant */,
				4B77C033295C51FF00DE5FE7 /* component */,
				4BCD46FC295B1A4E00ABE9C0 /* extension */,
				4BCD46FB295B19C600ABE9C0 /* design */,
				4BCD46EB2955AB0C00ABE9C0 /* fonts */,
			);
			path = common;
			sourceTree = "<group>";
		};
		4BCD46EB2955AB0C00ABE9C0 /* fonts */ = {
			isa = PBXGroup;
			children = (
				4B77C04A295DA59F00DE5FE7 /* OpenSans-SemiBold.ttf */,
				4BCD46F9295B114E00ABE9C0 /* SourceSansPro-SemiBold.ttf */,
				4BCD46EC2955ABB400ABE9C0 /* OpenSans-Bold.ttf */,
				4BCD46ED2955ABB400ABE9C0 /* OpenSans-Regular.ttf */,
			);
			path = fonts;
			sourceTree = "<group>";
		};
		4BCD46FB295B19C600ABE9C0 /* design */ = {
			isa = PBXGroup;
			children = (
				4BCD46F7295B0D3400ABE9C0 /* StyleCustomButton.swift */,
				4B77C03C295C80FF00DE5FE7 /* StyleTextField.swift */,
			);
			path = design;
			sourceTree = "<group>";
		};
		4BCD46FC295B1A4E00ABE9C0 /* extension */ = {
			isa = PBXGroup;
			children = (
				4BCD46FD295B1A6700ABE9C0 /* String+Extensions.swift */,
				4B77C03A295C72CB00DE5FE7 /* View+Extensions.swift */,
			);
			path = extension;
			sourceTree = "<group>";
		};
/* End PBXGroup section */

/* Begin PBXNativeTarget section */
		4BCD46D629559D1000ABE9C0 /* PracticaSwiftUI */ = {
			isa = PBXNativeTarget;
			buildConfigurationList = 4BCD46E529559D1100ABE9C0 /* Build configuration list for PBXNativeTarget "PracticaSwiftUI" */;
			buildPhases = (
				4BCD46D329559D1000ABE9C0 /* Sources */,
				4BCD46D429559D1000ABE9C0 /* Frameworks */,
				4BCD46D529559D1000ABE9C0 /* Resources */,
			);
			buildRules = (
			);
			dependencies = (
			);
			name = PracticaSwiftUI;
			productName = PracticaSwiftUI;
			productReference = 4BCD46D729559D1000ABE9C0 /* PracticaSwiftUI.app */;
			productType = "com.apple.product-type.application";
		};
/* End PBXNativeTarget section */

/* Begin PBXProject section */
		4BCD46CF29559D1000ABE9C0 /* Project object */ = {
			isa = PBXProject;
			attributes = {
				BuildIndependentTargetsInParallel = 1;
				LastSwiftUpdateCheck = 1400;
				LastUpgradeCheck = 1400;
				TargetAttributes = {
					4BCD46D629559D1000ABE9C0 = {
						CreatedOnToolsVersion = 14.0.1;
					};
				};
			};
			buildConfigurationList = 4BCD46D229559D1000ABE9C0 /* Build configuration list for PBXProject "PracticaSwiftUI" */;
			compatibilityVersion = "Xcode 14.0";
			developmentRegion = en;
			hasScannedForEncodings = 0;
			knownRegions = (
				en,
				Base,
			);
			mainGroup = 4BCD46CE29559D1000ABE9C0;
			productRefGroup = 4BCD46D829559D1000ABE9C0 /* Products */;
			projectDirPath = "";
			projectRoot = "";
			targets = (
				4BCD46D629559D1000ABE9C0 /* PracticaSwiftUI */,
			);
		};
/* End PBXProject section */

/* Begin PBXResourcesBuildPhase section */
		4BCD46D529559D1000ABE9C0 /* Resources */ = {
			isa = PBXResourcesBuildPhase;
			buildActionMask = 2147483647;
			files = (
				4BCD46E229559D1100ABE9C0 /* Preview Assets.xcassets in Resources */,
				4BCD46DF29559D1100ABE9C0 /* Assets.xcassets in Resources */,
				4BCD46FA295B114E00ABE9C0 /* SourceSansPro-SemiBold.ttf in Resources */,
				4BCD46EF2955ABB400ABE9C0 /* OpenSans-Regular.ttf in Resources */,
				4B77C04B295DA59F00DE5FE7 /* OpenSans-SemiBold.ttf in Resources */,
				4BCD46EE2955ABB400ABE9C0 /* OpenSans-Bold.ttf in Resources */,
			);
			runOnlyForDeploymentPostprocessing = 0;
		};
/* End PBXResourcesBuildPhase section */

/* Begin PBXSourcesBuildPhase section */
		4BCD46D329559D1000ABE9C0 /* Sources */ = {
			isa = PBXSourcesBuildPhase;
			buildActionMask = 2147483647;
			files = (
				4B7059AD2A3207E200437A26 /* FormDescription.swift in Sources */,
				4BCB529C2975642200DFC850 /* ShoppingCart.swift in Sources */,
				4B77C044295C841600DE5FE7 /* Font+CustomFont.swift in Sources */,
				4BCB52A02977E92D00DFC850 /* CustomTabView.swift in Sources */,
				4B77C047295DA11100DE5FE7 /* RegisterView.swift in Sources */,
				4BCD46DD29559D1000ABE9C0 /* ForgotpasswodView.swift in Sources */,
				4B77C03D295C80FF00DE5FE7 /* StyleTextField.swift in Sources */,
				4BCB529A2971866B00DFC850 /* RatingProduct.swift in Sources */,
				4BCB5289296D693700DFC850 /* ProductRepository.swift in Sources */,
				4B70599C2A318E0300437A26 /* User+CoreDataClass.swift in Sources */,
				4BCD46DB29559D1000ABE9C0 /* PracticaSwiftUIApp.swift in Sources */,
				4B734A50296590E1003C3851 /* SecureFieldCustom.swift in Sources */,
				4BCB52AB297E304600DFC850 /* ShoppingCartCellView.swift in Sources */,
				4B7059A52A31FAC500437A26 /* Product+CoreDataProperties.swift in Sources */,
				4BCB52952971533E00DFC850 /* DetailProductView.swift in Sources */,
				4B77C049295DA1F900DE5FE7 /* FormCustom.swift in Sources */,
				4B70594F2A30E65100437A26 /* DataController.swift in Sources */,
				4B734A4E29658A76003C3851 /* LoginView.swift in Sources */,
				4BCB528F296D8D7F00DFC850 /* AppImage.swift in Sources */,
				4B77C042295C83FC00DE5FE7 /* Color+CustomColor.swift in Sources */,
				4BCB5285296D657600DFC850 /* ProductDTO.swift in Sources */,
				4BCB52AD297E32A900DFC850 /* ListProductViewCell.swift in Sources */,
				4B77C03B295C72CB00DE5FE7 /* View+Extensions.swift in Sources */,
				4BCB52A72978155600DFC850 /* AppEnvironment.swift in Sources */,
				4B70593D2A2FB29C00437A26 /* Model.xcdatamodeld in Sources */,
				4B7059A42A31FAC500437A26 /* Product+CoreDataClass.swift in Sources */,
				4BCB5283296D50FA00DFC850 /* ListProductView.swift in Sources */,
				4BCB529329714A7700DFC850 /* NavigationBarCustom.swift in Sources */,
				4BCB52AF297E332800DFC850 /* ListProductGridView.swift in Sources */,
				4B7059AF2A32262F00437A26 /* EditProduct.swift in Sources */,
				4BCB528D296D783F00DFC850 /* StateListProduct.swift in Sources */,
				4BCB5287296D659E00DFC850 /* ProductBO.swift in Sources */,
				4BCB528B296D782E00DFC850 /* ListProductViewModel.swift in Sources */,
				4B70599F2A319DEA00437A26 /* SwiftUIView.swift in Sources */,
				4B7059AA2A32032600437A26 /* TextFieldDescription.swift in Sources */,
				4BCD46FE295B1A6700ABE9C0 /* String+Extensions.swift in Sources */,
				4B7059A82A31FB8B00437A26 /* AddProduct.swift in Sources */,
				4B70599D2A318E0300437A26 /* User+CoreDataProperties.swift in Sources */,
				4B77C035295C523000DE5FE7 /* TextFieldCustom.swift in Sources */,
				4BCB52A32977EDF600DFC850 /* ShoppingCartView.swift in Sources */,
				4BCD46F8295B0D3400ABE9C0 /* StyleCustomButton.swift in Sources */,
			);
			runOnlyForDeploymentPostprocessing = 0;
		};
/* End PBXSourcesBuildPhase section */

/* Begin XCBuildConfiguration section */
		4BCD46E329559D1100ABE9C0 /* Debug */ = {
			isa = XCBuildConfiguration;
			buildSettings = {
				ALWAYS_SEARCH_USER_PATHS = NO;
				CLANG_ANALYZER_NONNULL = YES;
				CLANG_ANALYZER_NUMBER_OBJECT_CONVERSION = YES_AGGRESSIVE;
				CLANG_CXX_LANGUAGE_STANDARD = "gnu++20";
				CLANG_ENABLE_MODULES = YES;
				CLANG_ENABLE_OBJC_ARC = YES;
				CLANG_ENABLE_OBJC_WEAK = YES;
				CLANG_WARN_BLOCK_CAPTURE_AUTORELEASING = YES;
				CLANG_WARN_BOOL_CONVERSION = YES;
				CLANG_WARN_COMMA = YES;
				CLANG_WARN_CONSTANT_CONVERSION = YES;
				CLANG_WARN_DEPRECATED_OBJC_IMPLEMENTATIONS = YES;
				CLANG_WARN_DIRECT_OBJC_ISA_USAGE = YES_ERROR;
				CLANG_WARN_DOCUMENTATION_COMMENTS = YES;
				CLANG_WARN_EMPTY_BODY = YES;
				CLANG_WARN_ENUM_CONVERSION = YES;
				CLANG_WARN_INFINITE_RECURSION = YES;
				CLANG_WARN_INT_CONVERSION = YES;
				CLANG_WARN_NON_LITERAL_NULL_CONVERSION = YES;
				CLANG_WARN_OBJC_IMPLICIT_RETAIN_SELF = YES;
				CLANG_WARN_OBJC_LITERAL_CONVERSION = YES;
				CLANG_WARN_OBJC_ROOT_CLASS = YES_ERROR;
				CLANG_WARN_QUOTED_INCLUDE_IN_FRAMEWORK_HEADER = YES;
				CLANG_WARN_RANGE_LOOP_ANALYSIS = YES;
				CLANG_WARN_STRICT_PROTOTYPES = YES;
				CLANG_WARN_SUSPICIOUS_MOVE = YES;
				CLANG_WARN_UNGUARDED_AVAILABILITY = YES_AGGRESSIVE;
				CLANG_WARN_UNREACHABLE_CODE = YES;
				CLANG_WARN__DUPLICATE_METHOD_MATCH = YES;
				COPY_PHASE_STRIP = NO;
				DEBUG_INFORMATION_FORMAT = dwarf;
				ENABLE_STRICT_OBJC_MSGSEND = YES;
				ENABLE_TESTABILITY = YES;
				GCC_C_LANGUAGE_STANDARD = gnu11;
				GCC_DYNAMIC_NO_PIC = NO;
				GCC_NO_COMMON_BLOCKS = YES;
				GCC_OPTIMIZATION_LEVEL = 0;
				GCC_PREPROCESSOR_DEFINITIONS = (
					"DEBUG=1",
					"$(inherited)",
				);
				GCC_WARN_64_TO_32_BIT_CONVERSION = YES;
				GCC_WARN_ABOUT_RETURN_TYPE = YES_ERROR;
				GCC_WARN_UNDECLARED_SELECTOR = YES;
				GCC_WARN_UNINITIALIZED_AUTOS = YES_AGGRESSIVE;
				GCC_WARN_UNUSED_FUNCTION = YES;
				GCC_WARN_UNUSED_VARIABLE = YES;
				IPHONEOS_DEPLOYMENT_TARGET = 16.0;
				MTL_ENABLE_DEBUG_INFO = INCLUDE_SOURCE;
				MTL_FAST_MATH = YES;
				ONLY_ACTIVE_ARCH = YES;
				SDKROOT = iphoneos;
				SWIFT_ACTIVE_COMPILATION_CONDITIONS = DEBUG;
				SWIFT_OPTIMIZATION_LEVEL = "-Onone";
			};
			name = Debug;
		};
		4BCD46E429559D1100ABE9C0 /* Release */ = {
			isa = XCBuildConfiguration;
			buildSettings = {
				ALWAYS_SEARCH_USER_PATHS = NO;
				CLANG_ANALYZER_NONNULL = YES;
				CLANG_ANALYZER_NUMBER_OBJECT_CONVERSION = YES_AGGRESSIVE;
				CLANG_CXX_LANGUAGE_STANDARD = "gnu++20";
				CLANG_ENABLE_MODULES = YES;
				CLANG_ENABLE_OBJC_ARC = YES;
				CLANG_ENABLE_OBJC_WEAK = YES;
				CLANG_WARN_BLOCK_CAPTURE_AUTORELEASING = YES;
				CLANG_WARN_BOOL_CONVERSION = YES;
				CLANG_WARN_COMMA = YES;
				CLANG_WARN_CONSTANT_CONVERSION = YES;
				CLANG_WARN_DEPRECATED_OBJC_IMPLEMENTATIONS = YES;
				CLANG_WARN_DIRECT_OBJC_ISA_USAGE = YES_ERROR;
				CLANG_WARN_DOCUMENTATION_COMMENTS = YES;
				CLANG_WARN_EMPTY_BODY = YES;
				CLANG_WARN_ENUM_CONVERSION = YES;
				CLANG_WARN_INFINITE_RECURSION = YES;
				CLANG_WARN_INT_CONVERSION = YES;
				CLANG_WARN_NON_LITERAL_NULL_CONVERSION = YES;
				CLANG_WARN_OBJC_IMPLICIT_RETAIN_SELF = YES;
				CLANG_WARN_OBJC_LITERAL_CONVERSION = YES;
				CLANG_WARN_OBJC_ROOT_CLASS = YES_ERROR;
				CLANG_WARN_QUOTED_INCLUDE_IN_FRAMEWORK_HEADER = YES;
				CLANG_WARN_RANGE_LOOP_ANALYSIS = YES;
				CLANG_WARN_STRICT_PROTOTYPES = YES;
				CLANG_WARN_SUSPICIOUS_MOVE = YES;
				CLANG_WARN_UNGUARDED_AVAILABILITY = YES_AGGRESSIVE;
				CLANG_WARN_UNREACHABLE_CODE = YES;
				CLANG_WARN__DUPLICATE_METHOD_MATCH = YES;
				COPY_PHASE_STRIP = NO;
				DEBUG_INFORMATION_FORMAT = "dwarf-with-dsym";
				ENABLE_NS_ASSERTIONS = NO;
				ENABLE_STRICT_OBJC_MSGSEND = YES;
				GCC_C_LANGUAGE_STANDARD = gnu11;
				GCC_NO_COMMON_BLOCKS = YES;
				GCC_WARN_64_TO_32_BIT_CONVERSION = YES;
				GCC_WARN_ABOUT_RETURN_TYPE = YES_ERROR;
				GCC_WARN_UNDECLARED_SELECTOR = YES;
				GCC_WARN_UNINITIALIZED_AUTOS = YES_AGGRESSIVE;
				GCC_WARN_UNUSED_FUNCTION = YES;
				GCC_WARN_UNUSED_VARIABLE = YES;
				IPHONEOS_DEPLOYMENT_TARGET = 16.0;
				MTL_ENABLE_DEBUG_INFO = NO;
				MTL_FAST_MATH = YES;
				SDKROOT = iphoneos;
				SWIFT_COMPILATION_MODE = wholemodule;
				SWIFT_OPTIMIZATION_LEVEL = "-O";
				VALIDATE_PRODUCT = YES;
			};
			name = Release;
		};
		4BCD46E629559D1100ABE9C0 /* Debug */ = {
			isa = XCBuildConfiguration;
			buildSettings = {
				ASSETCATALOG_COMPILER_APPICON_NAME = AppIcon;
				ASSETCATALOG_COMPILER_GLOBAL_ACCENT_COLOR_NAME = AccentColor;
				CODE_SIGN_STYLE = Automatic;
				CURRENT_PROJECT_VERSION = 1;
				DEVELOPMENT_ASSET_PATHS = "\"PracticaSwiftUI/Preview Content\"";
				ENABLE_PREVIEWS = YES;
				GENERATE_INFOPLIST_FILE = YES;
				INFOPLIST_FILE = PracticaSwiftUI/Info.plist;
				INFOPLIST_KEY_UIApplicationSceneManifest_Generation = YES;
				INFOPLIST_KEY_UIApplicationSupportsIndirectInputEvents = YES;
				INFOPLIST_KEY_UILaunchScreen_Generation = YES;
				INFOPLIST_KEY_UISupportedInterfaceOrientations_iPad = "UIInterfaceOrientationPortrait UIInterfaceOrientationPortraitUpsideDown UIInterfaceOrientationLandscapeLeft UIInterfaceOrientationLandscapeRight";
				INFOPLIST_KEY_UISupportedInterfaceOrientations_iPhone = "UIInterfaceOrientationPortrait UIInterfaceOrientationLandscapeLeft UIInterfaceOrientationLandscapeRight";
				LD_RUNPATH_SEARCH_PATHS = (
					"$(inherited)",
					"@executable_path/Frameworks",
				);
				MARKETING_VERSION = 1.0;
				PRODUCT_BUNDLE_IDENTIFIER = es.alten.PracticaSwiftUI;
				PRODUCT_NAME = "$(TARGET_NAME)";
				SWIFT_EMIT_LOC_STRINGS = YES;
				SWIFT_VERSION = 5.0;
				TARGETED_DEVICE_FAMILY = "1,2";
			};
			name = Debug;
		};
		4BCD46E729559D1100ABE9C0 /* Release */ = {
			isa = XCBuildConfiguration;
			buildSettings = {
				ASSETCATALOG_COMPILER_APPICON_NAME = AppIcon;
				ASSETCATALOG_COMPILER_GLOBAL_ACCENT_COLOR_NAME = AccentColor;
				CODE_SIGN_STYLE = Automatic;
				CURRENT_PROJECT_VERSION = 1;
				DEVELOPMENT_ASSET_PATHS = "\"PracticaSwiftUI/Preview Content\"";
				ENABLE_PREVIEWS = YES;
				GENERATE_INFOPLIST_FILE = YES;
				INFOPLIST_FILE = PracticaSwiftUI/Info.plist;
				INFOPLIST_KEY_UIApplicationSceneManifest_Generation = YES;
				INFOPLIST_KEY_UIApplicationSupportsIndirectInputEvents = YES;
				INFOPLIST_KEY_UILaunchScreen_Generation = YES;
				INFOPLIST_KEY_UISupportedInterfaceOrientations_iPad = "UIInterfaceOrientationPortrait UIInterfaceOrientationPortraitUpsideDown UIInterfaceOrientationLandscapeLeft UIInterfaceOrientationLandscapeRight";
				INFOPLIST_KEY_UISupportedInterfaceOrientations_iPhone = "UIInterfaceOrientationPortrait UIInterfaceOrientationLandscapeLeft UIInterfaceOrientationLandscapeRight";
				LD_RUNPATH_SEARCH_PATHS = (
					"$(inherited)",
					"@executable_path/Frameworks",
				);
				MARKETING_VERSION = 1.0;
				PRODUCT_BUNDLE_IDENTIFIER = es.alten.PracticaSwiftUI;
				PRODUCT_NAME = "$(TARGET_NAME)";
				SWIFT_EMIT_LOC_STRINGS = YES;
				SWIFT_VERSION = 5.0;
				TARGETED_DEVICE_FAMILY = "1,2";
			};
			name = Release;
		};
/* End XCBuildConfiguration section */

/* Begin XCConfigurationList section */
		4BCD46D229559D1000ABE9C0 /* Build configuration list for PBXProject "PracticaSwiftUI" */ = {
			isa = XCConfigurationList;
			buildConfigurations = (
				4BCD46E329559D1100ABE9C0 /* Debug */,
				4BCD46E429559D1100ABE9C0 /* Release */,
			);
			defaultConfigurationIsVisible = 0;
			defaultConfigurationName = Release;
		};
		4BCD46E529559D1100ABE9C0 /* Build configuration list for PBXNativeTarget "PracticaSwiftUI" */ = {
			isa = XCConfigurationList;
			buildConfigurations = (
				4BCD46E629559D1100ABE9C0 /* Debug */,
				4BCD46E729559D1100ABE9C0 /* Release */,
			);
			defaultConfigurationIsVisible = 0;
			defaultConfigurationName = Release;
		};
/* End XCConfigurationList section */

/* Begin XCVersionGroup section */
		4B70593B2A2FB29C00437A26 /* Model.xcdatamodeld */ = {
			isa = XCVersionGroup;
			children = (
				4B70593C2A2FB29C00437A26 /* Model.xcdatamodel */,
			);
			currentVersion = 4B70593C2A2FB29C00437A26 /* Model.xcdatamodel */;
			path = Model.xcdatamodeld;
			sourceTree = "<group>";
			versionGroupType = wrapper.xcdatamodel;
		};
/* End XCVersionGroup section */
	};
	rootObject = 4BCD46CF29559D1000ABE9C0 /* Project object */;
}
